Microsoft Visual Studio Solution File, Format Version 11.00
# Visual Studio 2010
Project("{8BC9CEB8-8B4A-11D0-8D11-00A0C91BC942}") = "BaseLibrary", "BaseLibrary\BaseLibrary.vcxproj", "{585CFC82-602A-466B-8E86-1A4FD1D442CA}"
EndProject
Project("{8BC9CEB8-8B4A-11D0-8D11-00A0C91BC942}") = "MemoryManager", "MemoryManager\MemoryManager.vcxproj", "{7B602B2E-C629-4311-B7F6-C9177660ADA1}"
EndProject
Project("{8BC9CEB8-8B4A-11D0-8D11-00A0C91BC942}") = "ScriptEngine", "ScriptEngine\ScriptEngine.vcxproj", "{8EE86398-FBBB-4568-98CF-4A890DA9D636}"
EndProject
Project("{8BC9CEB8-8B4A-11D0-8D11-00A0C91BC942}") = "zlib", "zlib\zlib.vcxproj", "{716D4C86-6D38-4F08-ACAE-109BF8BC92BD}"
EndProject
Project("{8BC9CEB8-8B4A-11D0-8D11-00A0C91BC942}") = "RylServerLibrary", "RylServerLibrary\RylServerLibrary.vcxproj", "{91662620-CEB4-4184-B1E5-7EA48A8E2F8D}"
EndProject
Project("{8BC9CEB8-8B4A-11D0-8D11-00A0C91BC942}") = "RylAuthServer", "RylAuthServer\RylAuthServer.vcxproj", "{39BBD560-05D6-4B58-86A9-FE8981DB8D1A}"
EndProject
Project("{8BC9CEB8-8B4A-11D0-8D11-00A0C91BC942}") = "RylGameLibrary", "RylGameLibrary\RylGameLibrary.vcxproj", "{3D6DC807-F1DB-4F12-8755-4F15FC0B8824}"
EndProject
Project("{8BC9CEB8-8B4A-11D0-8D11-00A0C91BC942}") = "RylChatServer", "RylChatServer\RylChatServer.vcxproj", "{BDE6A15B-0C26-444A-8115-CBA9221FCA0C}"
EndProject
Project("{8BC9CEB8-8B4A-11D0-8D11-00A0C91BC942}") = "RylDBAgentServer", "RylDBAgentServer\RylDBAgentServer.vcxproj", "{5C731410-923C-42D2-A9E9-E3C51AD6624D}"
EndProject
Project("{8BC9CEB8-8B4A-11D0-8D11-00A0C91BC942}") = "RylGameServer", "RylGameServer\RylGameServer.vcxproj", "{82E75804-D7F1-4CA3-A694-6CD97EE7AD50}"
EndProject
Project("{8BC9CEB8-8B4A-11D0-8D11-00A0C91BC942}") = "RylLoginServer", "RylLoginServer\RylLoginServer.vcxproj", "{636578E9-B91C-4730-9E52-86D4E00DB736}"
EndProject
Project("{8BC9CEB8-8B4A-11D0-8D11-00A0C91BC942}") = "RylUIDServer", "RylUIDServer\RylUIDServer.vcxproj", "{B532CC83-48D9-47D4-A9F8-7E129AC644AE}"
EndProject
Global
	GlobalSection(SolutionConfigurationPlatforms) = preSolution
		Debug_MY|Win32 = Debug_MY|Win32
		Debug_NoGD|Win32 = Debug_NoGD|Win32
		Debug|Win32 = Debug|Win32
		Release_MY|Win32 = Release_MY|Win32
		Release_NoGD|Win32 = Release_NoGD|Win32
		Release|Win32 = Release|Win32
	EndGlobalSection
	GlobalSection(ProjectConfigurationPlatforms) = postSolution
		{585CFC82-602A-466B-8E86-1A4FD1D442CA}.Debug_MY|Win32.ActiveCfg = Debug_MY|Win32
		{585CFC82-602A-466B-8E86-1A4FD1D442CA}.Debug_MY|Win32.Build.0 = Debug_MY|Win32
		{585CFC82-602A-466B-8E86-1A4FD1D442CA}.Debug_NoGD|Win32.ActiveCfg = Debug_NoGD|Win32
		{585CFC82-602A-466B-8E86-1A4FD1D442CA}.Debug_NoGD|Win32.Build.0 = Debug_NoGD|Win32
		{585CFC82-602A-466B-8E86-1A4FD1D442CA}.Debug|Win32.ActiveCfg = Debug|Win32
		{585CFC82-602A-466B-8E86-1A4FD1D442CA}.Debug|Win32.Build.0 = Debug|Win32
		{585CFC82-602A-466B-8E86-1A4FD1D442CA}.Release_MY|Win32.ActiveCfg = Release_MY|Win32
		{585CFC82-602A-466B-8E86-1A4FD1D442CA}.Release_MY|Win32.Build.0 = Release_MY|Win32
		{585CFC82-602A-466B-8E86-1A4FD1D442CA}.Release_NoGD|Win32.ActiveCfg = Release_NoGD|Win32
		{585CFC82-602A-466B-8E86-1A4FD1D442CA}.Release_NoGD|Win32.Build.0 = Release_NoGD|Win32
		{585CFC82-602A-466B-8E86-1A4FD1D442CA}.Release|Win32.ActiveCfg = Release|Win32
		{585CFC82-602A-466B-8E86-1A4FD1D442CA}.Release|Win32.Build.0 = Release|Win32
		{7B602B2E-C629-4311-B7F6-C9177660ADA1}.Debug_MY|Win32.ActiveCfg = Debug_MY|Win32
		{7B602B2E-C629-4311-B7F6-C9177660ADA1}.Debug_MY|Win32.Build.0 = Debug_MY|Win32
		{7B602B2E-C629-4311-B7F6-C9177660ADA1}.Debug_NoGD|Win32.ActiveCfg = Debug_NoGD|Win32
		{7B602B2E-C629-4311-B7F6-C9177660ADA1}.Debug_NoGD|Win32.Build.0 = Debug_NoGD|Win32
		{7B602B2E-C629-4311-B7F6-C9177660ADA1}.Debug|Win32.ActiveCfg = Debug|Win32
		{7B602B2E-C629-4311-B7F6-C9177660ADA1}.Debug|Win32.Build.0 = Debug|Win32
		{7B602B2E-C629-4311-B7F6-C9177660ADA1}.Release_MY|Win32.ActiveCfg = Release_MY|Win32
		{7B602B2E-C629-4311-B7F6-C9177660ADA1}.Release_MY|Win32.Build.0 = Release_MY|Win32
		{7B602B2E-C629-4311-B7F6-C9177660ADA1}.Release_NoGD|Win32.ActiveCfg = Release_NoGD|Win32
		{7B602B2E-C629-4311-B7F6-C9177660ADA1}.Release_NoGD|Win32.Build.0 = Release_NoGD|Win32
		{7B602B2E-C629-4311-B7F6-C9177660ADA1}.Release|Win32.ActiveCfg = Release|Win32
		{7B602B2E-C629-4311-B7F6-C9177660ADA1}.Release|Win32.Build.0 = Release|Win32
		{8EE86398-FBBB-4568-98CF-4A890DA9D636}.Debug_MY|Win32.ActiveCfg = Debug_MY|Win32
		{8EE86398-FBBB-4568-98CF-4A890DA9D636}.Debug_MY|Win32.Build.0 = Debug_MY|Win32
		{8EE86398-FBBB-4568-98CF-4A890DA9D636}.Debug_NoGD|Win32.ActiveCfg = Debug_NoGD|Win32
		{8EE86398-FBBB-4568-98CF-4A890DA9D636}.Debug_NoGD|Win32.Build.0 = Debug_NoGD|Win32
		{8EE86398-FBBB-4568-98CF-4A890DA9D636}.Debug|Win32.ActiveCfg = Debug|Win32
		{8EE86398-FBBB-4568-98CF-4A890DA9D636}.Debug|Win32.Build.0 = Debug|Win32
		{8EE86398-FBBB-4568-98CF-4A890DA9D636}.Release_MY|Win32.ActiveCfg = Release_MY|Win32
		{8EE86398-FBBB-4568-98CF-4A890DA9D636}.Release_MY|Win32.Build.0 = Release_MY|Win32
		{8EE86398-FBBB-4568-98CF-4A890DA9D636}.Release_NoGD|Win32.ActiveCfg = Release_NoGD|Win32
		{8EE86398-FBBB-4568-98CF-4A890DA9D636}.Release_NoGD|Win32.Build.0 = Release_NoGD|Win32
		{8EE86398-FBBB-4568-98CF-4A890DA9D636}.Release|Win32.ActiveCfg = Release|Win32
		{8EE86398-FBBB-4568-98CF-4A890DA9D636}.Release|Win32.Build.0 = Release|Win32
		{716D4C86-6D38-4F08-ACAE-109BF8BC92BD}.Debug_MY|Win32.ActiveCfg = Debug_MY|Win32
		{716D4C86-6D38-4F08-ACAE-109BF8BC92BD}.Debug_MY|Win32.Build.0 = Debug_MY|Win32
		{716D4C86-6D38-4F08-ACAE-109BF8BC92BD}.Debug_NoGD|Win32.ActiveCfg = Debug_NoGD|Win32
		{716D4C86-6D38-4F08-ACAE-109BF8BC92BD}.Debug_NoGD|Win32.Build.0 = Debug_NoGD|Win32
		{716D4C86-6D38-4F08-ACAE-109BF8BC92BD}.Debug|Win32.ActiveCfg = Debug|Win32
		{716D4C86-6D38-4F08-ACAE-109BF8BC92BD}.Debug|Win32.Build.0 = Debug|Win32
		{716D4C86-6D38-4F08-ACAE-109BF8BC92BD}.Release_MY|Win32.ActiveCfg = Release_MY|Win32
		{716D4C86-6D38-4F08-ACAE-109BF8BC92BD}.Release_MY|Win32.Build.0 = Release_MY|Win32
		{716D4C86-6D38-4F08-ACAE-109BF8BC92BD}.Release_NoGD|Win32.ActiveCfg = Release_NoGD|Win32
		{716D4C86-6D38-4F08-ACAE-109BF8BC92BD}.Release_NoGD|Win32.Build.0 = Release_NoGD|Win32
		{716D4C86-6D38-4F08-ACAE-109BF8BC92BD}.Release|Win32.ActiveCfg = Release|Win32
		{716D4C86-6D38-4F08-ACAE-109BF8BC92BD}.Release|Win32.Build.0 = Release|Win32
		{91662620-CEB4-4184-B1E5-7EA48A8E2F8D}.Debug_MY|Win32.ActiveCfg = Debug_MY|Win32
		{91662620-CEB4-4184-B1E5-7EA48A8E2F8D}.Debug_MY|Win32.Build.0 = Debug_MY|Win32
		{91662620-CEB4-4184-B1E5-7EA48A8E2F8D}.Debug_NoGD|Win32.ActiveCfg = Debug_NoGD|Win32
		{91662620-CEB4-4184-B1E5-7EA48A8E2F8D}.Debug_NoGD|Win32.Build.0 = Debug_NoGD|Win32
		{91662620-CEB4-4184-B1E5-7EA48A8E2F8D}.Debug|Win32.ActiveCfg = Debug|Win32
		{91662620-CEB4-4184-B1E5-7EA48A8E2F8D}.Debug|Win32.Build.0 = Debug|Win32
		{91662620-CEB4-4184-B1E5-7EA48A8E2F8D}.Release_MY|Win32.ActiveCfg = Release_MY|Win32
		{91662620-CEB4-4184-B1E5-7EA48A8E2F8D}.Release_MY|Win32.Build.0 = Release_MY|Win32
		{91662620-CEB4-4184-B1E5-7EA48A8E2F8D}.Release_NoGD|Win32.ActiveCfg = Release_NoGD|Win32
		{91662620-CEB4-4184-B1E5-7EA48A8E2F8D}.Release_NoGD|Win32.Build.0 = Release_NoGD|Win32
		{91662620-CEB4-4184-B1E5-7EA48A8E2F8D}.Release|Win32.ActiveCfg = Release|Win32
		{91662620-CEB4-4184-B1E5-7EA48A8E2F8D}.Release|Win32.Build.0 = Release|Win32
		{39BBD560-05D6-4B58-86A9-FE8981DB8D1A}.Debug_MY|Win32.ActiveCfg = Debug_MY|Win32
		{39BBD560-05D6-4B58-86A9-FE8981DB8D1A}.Debug_MY|Win32.Build.0 = Debug_MY|Win32
		{39BBD560-05D6-4B58-86A9-FE8981DB8D1A}.Debug_NoGD|Win32.ActiveCfg = Debug_NoGD|Win32
		{39BBD560-05D6-4B58-86A9-FE8981DB8D1A}.Debug_NoGD|Win32.Build.0 = Debug_NoGD|Win32
		{39BBD560-05D6-4B58-86A9-FE8981DB8D1A}.Debug|Win32.ActiveCfg = Debug|Win32
		{39BBD560-05D6-4B58-86A9-FE8981DB8D1A}.Debug|Win32.Build.0 = Debug|Win32
		{39BBD560-05D6-4B58-86A9-FE8981DB8D1A}.Release_MY|Win32.ActiveCfg = Release_MY|Win32
		{39BBD560-05D6-4B58-86A9-FE8981DB8D1A}.Release_MY|Win32.Build.0 = Release_MY|Win32
		{39BBD560-05D6-4B58-86A9-FE8981DB8D1A}.Release_NoGD|Win32.ActiveCfg = Release_NoGD|Win32
		{39BBD560-05D6-4B58-86A9-FE8981DB8D1A}.Release_NoGD|Win32.Build.0 = Release_NoGD|Win32
		{39BBD560-05D6-4B58-86A9-FE8981DB8D1A}.Release|Win32.ActiveCfg = Release|Win32
		{39BBD560-05D6-4B58-86A9-FE8981DB8D1A}.Release|Win32.Build.0 = Release|Win32
		{3D6DC807-F1DB-4F12-8755-4F15FC0B8824}.Debug_MY|Win32.ActiveCfg = Debug_MY|Win32
		{3D6DC807-F1DB-4F12-8755-4F15FC0B8824}.Debug_MY|Win32.Build.0 = Debug_MY|Win32
		{3D6DC807-F1DB-4F12-8755-4F15FC0B8824}.Debug_NoGD|Win32.ActiveCfg = Debug_NoGD|Win32
		{3D6DC807-F1DB-4F12-8755-4F15FC0B8824}.Debug_NoGD|Win32.Build.0 = Debug_NoGD|Win32
		{3D6DC807-F1DB-4F12-8755-4F15FC0B8824}.Debug|Win32.ActiveCfg = Debug|Win32
		{3D6DC807-F1DB-4F12-8755-4F15FC0B8824}.Debug|Win32.Build.0 = Debug|Win32
		{3D6DC807-F1DB-4F12-8755-4F15FC0B8824}.Release_MY|Win32.ActiveCfg = Release_MY|Win32
		{3D6DC807-F1DB-4F12-8755-4F15FC0B8824}.Release_MY|Win32.Build.0 = Release_MY|Win32
		{3D6DC807-F1DB-4F12-8755-4F15FC0B8824}.Release_NoGD|Win32.ActiveCfg = Release_NoGD|Win32
		{3D6DC807-F1DB-4F12-8755-4F15FC0B8824}.Release_NoGD|Win32.Build.0 = Release_NoGD|Win32
		{3D6DC807-F1DB-4F12-8755-4F15FC0B8824}.Release|Win32.ActiveCfg = Release|Win32
		{3D6DC807-F1DB-4F12-8755-4F15FC0B8824}.Release|Win32.Build.0 = Release|Win32
		{BDE6A15B-0C26-444A-8115-CBA9221FCA0C}.Debug_MY|Win32.ActiveCfg = Debug_MY|Win32
		{BDE6A15B-0C26-444A-8115-CBA9221FCA0C}.Debug_MY|Win32.Build.0 = Debug_MY|Win32
		{BDE6A15B-0C26-444A-8115-CBA9221FCA0C}.Debug_NoGD|Win32.ActiveCfg = Debug_NoGD|Win32
		{BDE6A15B-0C26-444A-8115-CBA9221FCA0C}.Debug_NoGD|Win32.Build.0 = Debug_NoGD|Win32
		{BDE6A15B-0C26-444A-8115-CBA9221FCA0C}.Debug|Win32.ActiveCfg = Debug|Win32
		{BDE6A15B-0C26-444A-8115-CBA9221FCA0C}.Debug|Win32.Build.0 = Debug|Win32
		{BDE6A15B-0C26-444A-8115-CBA9221FCA0C}.Release_MY|Win32.ActiveCfg = Release_MY|Win32
		{BDE6A15B-0C26-444A-8115-CBA9221FCA0C}.Release_MY|Win32.Build.0 = Release_MY|Win32
		{BDE6A15B-0C26-444A-8115-CBA9221FCA0C}.Release_NoGD|Win32.ActiveCfg = Release_NoGD|Win32
		{BDE6A15B-0C26-444A-8115-CBA9221FCA0C}.Release_NoGD|Win32.Build.0 = Release_NoGD|Win32
		{BDE6A15B-0C26-444A-8115-CBA9221FCA0C}.Release|Win32.ActiveCfg = Release|Win32
		{BDE6A15B-0C26-444A-8115-CBA9221FCA0C}.Release|Win32.Build.0 = Release|Win32
		{5C731410-923C-42D2-A9E9-E3C51AD6624D}.Debug_MY|Win32.ActiveCfg = Debug_MY|Win32
		{5C731410-923C-42D2-A9E9-E3C51AD6624D}.Debug_MY|Win32.Build.0 = Debug_MY|Win32
		{5C731410-923C-42D2-A9E9-E3C51AD6624D}.Debug_NoGD|Win32.ActiveCfg = Debug_NoGD|Win32
		{5C731410-923C-42D2-A9E9-E3C51AD6624D}.Debug_NoGD|Win32.Build.0 = Debug_NoGD|Win32
		{5C731410-923C-42D2-A9E9-E3C51AD6624D}.Debug|Win32.ActiveCfg = Debug|Win32
		{5C731410-923C-42D2-A9E9-E3C51AD6624D}.Debug|Win32.Build.0 = Debug|Win32
		{5C731410-923C-42D2-A9E9-E3C51AD6624D}.Release_MY|Win32.ActiveCfg = Release_MY|Win32
		{5C731410-923C-42D2-A9E9-E3C51AD6624D}.Release_MY|Win32.Build.0 = Release_MY|Win32
		{5C731410-923C-42D2-A9E9-E3C51AD6624D}.Release_NoGD|Win32.ActiveCfg = Release_NoGD|Win32
		{5C731410-923C-42D2-A9E9-E3C51AD6624D}.Release_NoGD|Win32.Build.0 = Release_NoGD|Win32
		{5C731410-923C-42D2-A9E9-E3C51AD6624D}.Release|Win32.ActiveCfg = Release|Win32
		{5C731410-923C-42D2-A9E9-E3C51AD6624D}.Release|Win32.Build.0 = Release|Win32
		{82E75804-D7F1-4CA3-A694-6CD97EE7AD50}.Debug_MY|Win32.ActiveCfg = Debug_MY|Win32
		{82E75804-D7F1-4CA3-A694-6CD97EE7AD50}.Debug_MY|Win32.Build.0 = Debug_MY|Win32
		{82E75804-D7F1-4CA3-A694-6CD97EE7AD50}.Debug_NoGD|Win32.ActiveCfg = Debug_NoGD|Win32
		{82E75804-D7F1-4CA3-A694-6CD97EE7AD50}.Debug_NoGD|Win32.Build.0 = Debug_NoGD|Win32
		{82E75804-D7F1-4CA3-A694-6CD97EE7AD50}.Debug|Win32.ActiveCfg = Debug|Win32
		{82E75804-D7F1-4CA3-A694-6CD97EE7AD50}.Debug|Win32.Build.0 = Debug|Win32
		{82E75804-D7F1-4CA3-A694-6CD97EE7AD50}.Release_MY|Win32.ActiveCfg = Release_MY|Win32
		{82E75804-D7F1-4CA3-A694-6CD97EE7AD50}.Release_MY|Win32.Build.0 = Release_MY|Win32
		{82E75804-D7F1-4CA3-A694-6CD97EE7AD50}.Release_NoGD|Win32.ActiveCfg = Release_NoGD|Win32
		{82E75804-D7F1-4CA3-A694-6CD97EE7AD50}.Release_NoGD|Win32.Build.0 = Release_NoGD|Win32
		{82E75804-D7F1-4CA3-A694-6CD97EE7AD50}.Release|Win32.ActiveCfg = Release|Win32
		{82E75804-D7F1-4CA3-A694-6CD97EE7AD50}.Release|Win32.Build.0 = Release|Win32
		{636578E9-B91C-4730-9E52-86D4E00DB736}.Debug_MY|Win32.ActiveCfg = Debug_MY|Win32
		{636578E9-B91C-4730-9E52-86D4E00DB736}.Debug_MY|Win32.Build.0 = Debug_MY|Win32
		{636578E9-B91C-4730-9E52-86D4E00DB736}.Debug_NoGD|Win32.ActiveCfg = Debug_NoGD|Win32
		{636578E9-B91C-4730-9E52-86D4E00DB736}.Debug_NoGD|Win32.Build.0 = Debug_NoGD|Win32
		{636578E9-B91C-4730-9E52-86D4E00DB736}.Debug|Win32.ActiveCfg = Debug|Win32
		{636578E9-B91C-4730-9E52-86D4E00DB736}.Debug|Win32.Build.0 = Debug|Win32
		{636578E9-B91C-4730-9E52-86D4E00DB736}.Release_MY|Win32.ActiveCfg = Release_MY|Win32
		{636578E9-B91C-4730-9E52-86D4E00DB736}.Release_MY|Win32.Build.0 = Release_MY|Win32
		{636578E9-B91C-4730-9E52-86D4E00DB736}.Release_NoGD|Win32.ActiveCfg = Release_NoGD|Win32
		{636578E9-B91C-4730-9E52-86D4E00DB736}.Release_NoGD|Win32.Build.0 = Release_NoGD|Win32
		{636578E9-B91C-4730-9E52-86D4E00DB736}.Release|Win32.ActiveCfg = Release|Win32
		{636578E9-B91C-4730-9E52-86D4E00DB736}.Release|Win32.Build.0 = Release|Win32
		{B532CC83-48D9-47D4-A9F8-7E129AC644AE}.Debug_MY|Win32.ActiveCfg = Debug_MY|Win32
		{B532CC83-48D9-47D4-A9F8-7E129AC644AE}.Debug_MY|Win32.Build.0 = Debug_MY|Win32
		{B532CC83-48D9-47D4-A9F8-7E129AC644AE}.Debug_NoGD|Win32.ActiveCfg = Debug_NoGD|Win32
		{B532CC83-48D9-47D4-A9F8-7E129AC644AE}.Debug_NoGD|Win32.Build.0 = Debug_NoGD|Win32
		{B532CC83-48D9-47D4-A9F8-7E129AC644AE}.Debug|Win32.ActiveCfg = Debug|Win32
		{B532CC83-48D9-47D4-A9F8-7E129AC644AE}.Debug|Win32.Build.0 = Debug|Win32
		{B532CC83-48D9-47D4-A9F8-7E129AC644AE}.Release_MY|Win32.ActiveCfg = Release_MY|Win32
		{B532CC83-48D9-47D4-A9F8-7E129AC644AE}.Release_MY|Win32.Build.0 = Release_MY|Win32
		{B532CC83-48D9-47D4-A9F8-7E129AC644AE}.Release_NoGD|Win32.ActiveCfg = Release_NoGD|Win32
		{B532CC83-48D9-47D4-A9F8-7E129AC644AE}.Release_NoGD|Win32.Build.0 = Release_NoGD|Win32
		{B532CC83-48D9-47D4-A9F8-7E129AC644AE}.Release|Win32.ActiveCfg = Release|Win32
		{B532CC83-48D9-47D4-A9F8-7E129AC644AE}.Release|Win32.Build.0 = Release|Win32
	EndGlobalSection
	GlobalSection(SolutionProperties) = preSolution
		HideSolutionNode = FALSE
	EndGlobalSection
EndGlobal
