<?xml version="1.0" encoding="utf-8"?>
<Project ToolsVersion="4.0" xmlns="http://schemas.microsoft.com/developer/msbuild/2003">
  <ItemGroup>
    <Filter Include="소스 파일">
      <UniqueIdentifier>{4FC737F1-C7A5-4376-A066-2A32D752A2FF}</UniqueIdentifier>
      <Extensions>cpp;c;cxx;def;odl;idl;hpj;bat;asm;asmx</Extensions>
    </Filter>
    <Filter Include="헤더 파일">
      <UniqueIdentifier>{93995380-89BD-4b04-88EB-625FBE52EBFB}</UniqueIdentifier>
      <Extensions>h;hpp;hxx;hm;inl;inc;xsd</Extensions>
    </Filter>
    <Filter Include="리소스 파일">
      <UniqueIdentifier>{67DA6AB6-F800-4c08-8B7A-83BB121AAD01}</UniqueIdentifier>
      <Extensions>rc;ico;cur;bmp;dlg;rc2;rct;bin;rgs;gif;jpg;jpeg;jpe;resx</Extensions>
    </Filter>
    <Filter Include="Network">
      <UniqueIdentifier>{77871423-62a2-40c7-94d3-21e73fa52298}</UniqueIdentifier>
    </Filter>
    <Filter Include="Network\Dispatch">
      <UniqueIdentifier>{25672c2e-59c5-4826-90dd-753336299a19}</UniqueIdentifier>
    </Filter>
    <Filter Include="Network\Dispatch\GameClient">
      <UniqueIdentifier>{b47bb2b7-5845-43e1-af5e-959c92edd441}</UniqueIdentifier>
    </Filter>
    <Filter Include="Commands">
      <UniqueIdentifier>{327a7110-e9da-4937-9d13-5ce6253ebe4e}</UniqueIdentifier>
    </Filter>
  </ItemGroup>
  <ItemGroup>
    <ClCompile Include="ManageGameObject.cpp">
      <Filter>소스 파일</Filter>
    </ClCompile>
    <ClCompile Include="RylGameServer.cpp">
      <Filter>소스 파일</Filter>
    </ClCompile>
    <ClCompile Include="RylGameServerCommands.cpp">
      <Filter>소스 파일</Filter>
    </ClCompile>
    <ClCompile Include="RylGameServerMain.cpp">
      <Filter>소스 파일</Filter>
    </ClCompile>
    <ClCompile Include="RylGameServerMainLoop.cpp">
      <Filter>소스 파일</Filter>
    </ClCompile>
    <ClCompile Include="RylGameServerWindow.cpp">
      <Filter>소스 파일</Filter>
    </ClCompile>
    <ClCompile Include="stdafx.cpp">
      <Filter>소스 파일</Filter>
    </ClCompile>
    <ClCompile Include="Network\Dispatch\GameClient\FieldServerClientDispatch.cpp">
      <Filter>Network\Dispatch\GameClient</Filter>
    </ClCompile>
    <ClCompile Include="Network\Dispatch\GameClient\SendGameServerPacket.cpp">
      <Filter>Network\Dispatch\GameClient</Filter>
    </ClCompile>
    <ClCompile Include="Commands\AutoBalanceCommand.cpp">
      <Filter>Commands</Filter>
    </ClCompile>
    <ClCompile Include="Commands\DropItemCommand.cpp">
      <Filter>Commands</Filter>
    </ClCompile>
    <ClCompile Include="Commands\DropItemListCommand.cpp">
      <Filter>Commands</Filter>
    </ClCompile>
    <ClCompile Include="Commands\DummyCharacters.cpp">
      <Filter>Commands</Filter>
    </ClCompile>
    <ClCompile Include="Commands\LotteryEventCommand.cpp">
      <Filter>Commands</Filter>
    </ClCompile>
    <ClCompile Include="Commands\NotifyCommand.cpp">
      <Filter>Commands</Filter>
    </ClCompile>
  </ItemGroup>
  <ItemGroup>
    <ClInclude Include="Resource.h">
      <Filter>헤더 파일</Filter>
    </ClInclude>
    <ClInclude Include="RylGameServer.h">
      <Filter>헤더 파일</Filter>
    </ClInclude>
    <ClInclude Include="stdafx.h">
      <Filter>헤더 파일</Filter>
    </ClInclude>
    <ClInclude Include="Network\Dispatch\GameClient\FieldServerClientDispatch.h">
      <Filter>Network\Dispatch\GameClient</Filter>
    </ClInclude>
    <ClInclude Include="Network\Dispatch\GameClient\SendGameServerPacket.h">
      <Filter>Network\Dispatch\GameClient</Filter>
    </ClInclude>
    <ClInclude Include="Commands\Commands.h">
      <Filter>Commands</Filter>
    </ClInclude>
    <ClInclude Include="Commands\DummyCharacters.h">
      <Filter>Commands</Filter>
    </ClInclude>
  </ItemGroup>
  <ItemGroup>
    <None Include="RylGameServer.ico">
      <Filter>리소스 파일</Filter>
    </None>
  </ItemGroup>
  <ItemGroup>
    <ResourceCompile Include="RylGameServer.rc">
      <Filter>리소스 파일</Filter>
    </ResourceCompile>
  </ItemGroup>
</Project>